
Microsoft Visual Studio Solution File, Format Version 12.00
# Visual Studio Version 17
VisualStudioVersion = 17.1.32210.238
MinimumVisualStudioVersion = 10.0.40219.1
Project("{2150E333-8FDC-42A3-9474-1A3956D46DE8}") = "Libraries", "Libraries", "{9E51FFB8-AF18-4B81-9913-8AF676305D1E}"
EndProject
Project("{2150E333-8FDC-42A3-9474-1A3956D46DE8}") = "Applications", "Applications", "{24F45D1D-50D8-419A-B81F-079FA6D8B4E6}"
EndProject
Project("{9A19103F-16F7-4668-BE54-9A1E7A4F7556}") = "AMDEVIT.Trees.Core.NetStandard", "AMDEVIT.Trees.Core.NetStandard\AMDEVIT.Trees.Core.NetStandard.csproj", "{0C1C0913-1939-484F-8761-F42F209272BD}"
EndProject
Project("{2150E333-8FDC-42A3-9474-1A3956D46DE8}") = "Tests", "Tests", "{585E7EFE-439F-4EFC-9F78-927B53123539}"
EndProject
Global
	GlobalSection(SolutionConfigurationPlatforms) = preSolution
		Debug|Any CPU = Debug|Any CPU
		Release|Any CPU = Release|Any CPU
	EndGlobalSection
	GlobalSection(ProjectConfigurationPlatforms) = postSolution
		{0C1C0913-1939-484F-8761-F42F209272BD}.Debug|Any CPU.ActiveCfg = Debug|Any CPU
		{0C1C0913-1939-484F-8761-F42F209272BD}.Debug|Any CPU.Build.0 = Debug|Any CPU
		{0C1C0913-1939-484F-8761-F42F209272BD}.Release|Any CPU.ActiveCfg = Release|Any CPU
		{0C1C0913-1939-484F-8761-F42F209272BD}.Release|Any CPU.Build.0 = Release|Any CPU
	EndGlobalSection
	GlobalSection(SolutionProperties) = preSolution
		HideSolutionNode = FALSE
	EndGlobalSection
	GlobalSection(NestedProjects) = preSolution
		{0C1C0913-1939-484F-8761-F42F209272BD} = {9E51FFB8-AF18-4B81-9913-8AF676305D1E}
	EndGlobalSection
	GlobalSection(ExtensibilityGlobals) = postSolution
		SolutionGuid = {A7210F77-894E-4DEC-A022-E843B31CE2C4}
	EndGlobalSection
EndGlobal
